
Microsoft Visual Studio Solution File, Format Version 12.00
# Visual Studio Version 17
VisualStudioVersion = 17.7.34024.191
MinimumVisualStudioVersion = 10.0.40219.1
Project("{9A19103F-16F7-4668-BE54-9A1E7A4F7556}") = "TanjirVise.API", "TanjirVise.API\TanjirVise.API.csproj", "{ED7EE11A-B475-4AE7-BC2E-9C22042DA24A}"
EndProject
Project("{9A19103F-16F7-4668-BE54-9A1E7A4F7556}") = "TanjirVise.DTO", "TanjirVise.DTO\TanjirVise.DTO.csproj", "{943B56C7-2378-4D53-8D68-E9015FD051B3}"
EndProject
Project("{9A19103F-16F7-4668-BE54-9A1E7A4F7556}") = "TanjirVise.DAL", "TanjirVise.DAL\TanjirVise.DAL.csproj", "{B08DE90F-E375-4146-8957-0F9DD75890D0}"
EndProject
Project("{9A19103F-16F7-4668-BE54-9A1E7A4F7556}") = "TanjirVise.Service", "TanjirVise.Service\TanjirVise.Service.csproj", "{ED051584-8DE2-4AFA-8826-8F4C3D69652C}"
EndProject
Project("{FAE04EC0-301F-11D3-BF4B-00C04F79EFBC}") = "TanjirVise.EmailService", "TanjirVise.EmailService\TanjirVise.EmailService.csproj", "{0D089BA2-547B-47FD-8E62-469A6347A1C3}"
EndProject
Global
	GlobalSection(SolutionConfigurationPlatforms) = preSolution
		Debug|Any CPU = Debug|Any CPU
		Release|Any CPU = Release|Any CPU
	EndGlobalSection
	GlobalSection(ProjectConfigurationPlatforms) = postSolution
		{ED7EE11A-B475-4AE7-BC2E-9C22042DA24A}.Debug|Any CPU.ActiveCfg = Debug|Any CPU
		{ED7EE11A-B475-4AE7-BC2E-9C22042DA24A}.Debug|Any CPU.Build.0 = Debug|Any CPU
		{ED7EE11A-B475-4AE7-BC2E-9C22042DA24A}.Release|Any CPU.ActiveCfg = Release|Any CPU
		{ED7EE11A-B475-4AE7-BC2E-9C22042DA24A}.Release|Any CPU.Build.0 = Release|Any CPU
		{943B56C7-2378-4D53-8D68-E9015FD051B3}.Debug|Any CPU.ActiveCfg = Debug|Any CPU
		{943B56C7-2378-4D53-8D68-E9015FD051B3}.Debug|Any CPU.Build.0 = Debug|Any CPU
		{943B56C7-2378-4D53-8D68-E9015FD051B3}.Release|Any CPU.ActiveCfg = Release|Any CPU
		{943B56C7-2378-4D53-8D68-E9015FD051B3}.Release|Any CPU.Build.0 = Release|Any CPU
		{B08DE90F-E375-4146-8957-0F9DD75890D0}.Debug|Any CPU.ActiveCfg = Debug|Any CPU
		{B08DE90F-E375-4146-8957-0F9DD75890D0}.Debug|Any CPU.Build.0 = Debug|Any CPU
		{B08DE90F-E375-4146-8957-0F9DD75890D0}.Release|Any CPU.ActiveCfg = Release|Any CPU
		{B08DE90F-E375-4146-8957-0F9DD75890D0}.Release|Any CPU.Build.0 = Release|Any CPU
		{ED051584-8DE2-4AFA-8826-8F4C3D69652C}.Debug|Any CPU.ActiveCfg = Debug|Any CPU
		{ED051584-8DE2-4AFA-8826-8F4C3D69652C}.Debug|Any CPU.Build.0 = Debug|Any CPU
		{ED051584-8DE2-4AFA-8826-8F4C3D69652C}.Release|Any CPU.ActiveCfg = Release|Any CPU
		{ED051584-8DE2-4AFA-8826-8F4C3D69652C}.Release|Any CPU.Build.0 = Release|Any CPU
		{0D089BA2-547B-47FD-8E62-469A6347A1C3}.Debug|Any CPU.ActiveCfg = Debug|Any CPU
		{0D089BA2-547B-47FD-8E62-469A6347A1C3}.Debug|Any CPU.Build.0 = Debug|Any CPU
		{0D089BA2-547B-47FD-8E62-469A6347A1C3}.Release|Any CPU.ActiveCfg = Release|Any CPU
		{0D089BA2-547B-47FD-8E62-469A6347A1C3}.Release|Any CPU.Build.0 = Release|Any CPU
	EndGlobalSection
	GlobalSection(SolutionProperties) = preSolution
		HideSolutionNode = FALSE
	EndGlobalSection
	GlobalSection(ExtensibilityGlobals) = postSolution
		SolutionGuid = {C514F52F-D522-46D6-9D8A-4EA445380B3D}
	EndGlobalSection
EndGlobal
